
Microsoft Visual Studio Solution File, Format Version 12.00
# Visual Studio Version 17
VisualStudioVersion = 17.12.35527.113
MinimumVisualStudioVersion = 10.0.40219.1
Project("{FAE04EC0-301F-11D3-BF4B-00C04F79EFBC}") = "UWToDoMobile", "UWToDoMobile.csproj", "{C3453A48-C661-4BCB-B3D6-03F2BFE516A4}"
EndProject
Global
	GlobalSection(SolutionConfigurationPlatforms) = preSolution
		Debug|Any CPU = Debug|Any CPU
		Release|Any CPU = Release|Any CPU
	EndGlobalSection
	GlobalSection(ProjectConfigurationPlatforms) = postSolution
		{C3453A48-C661-4BCB-B3D6-03F2BFE516A4}.Debug|Any CPU.ActiveCfg = Debug|Any CPU
		{C3453A48-C661-4BCB-B3D6-03F2BFE516A4}.Debug|Any CPU.Build.0 = Debug|Any CPU
		{C3453A48-C661-4BCB-B3D6-03F2BFE516A4}.Debug|Any CPU.Deploy.0 = Debug|Any CPU
		{C3453A48-C661-4BCB-B3D6-03F2BFE516A4}.Release|Any CPU.ActiveCfg = Release|Any CPU
		{C3453A48-C661-4BCB-B3D6-03F2BFE516A4}.Release|Any CPU.Build.0 = Release|Any CPU
		{C3453A48-C661-4BCB-B3D6-03F2BFE516A4}.Release|Any CPU.Deploy.0 = Release|Any CPU
	EndGlobalSection
	GlobalSection(SolutionProperties) = preSolution
		HideSolutionNode = FALSE
	EndGlobalSection
EndGlobal
